
Microsoft Visual Studio Solution File, Format Version 12.00
# Visual Studio Version 16
VisualStudioVersion = 16.0.29613.14
MinimumVisualStudioVersion = 10.0.40219.1
Project("{FAE04EC0-301F-11D3-BF4B-00C04F79EFBC}") = "Deliverable1", "Deliverable1\Deliverable1.csproj", "{C8E85463-A208-45C7-B25C-D82B553982DF}"
EndProject
Global
	GlobalSection(SolutionConfigurationPlatforms) = preSolution
		Debug|Any CPU = Debug|Any CPU
		Release|Any CPU = Release|Any CPU
	EndGlobalSection
	GlobalSection(ProjectConfigurationPlatforms) = postSolution
		{C8E85463-A208-45C7-B25C-D82B553982DF}.Debug|Any CPU.ActiveCfg = Debug|Any CPU
		{C8E85463-A208-45C7-B25C-D82B553982DF}.Debug|Any CPU.Build.0 = Debug|Any CPU
		{C8E85463-A208-45C7-B25C-D82B553982DF}.Release|Any CPU.ActiveCfg = Release|Any CPU
		{C8E85463-A208-45C7-B25C-D82B553982DF}.Release|Any CPU.Build.0 = Release|Any CPU
	EndGlobalSection
	GlobalSection(SolutionProperties) = preSolution
		HideSolutionNode = FALSE
	EndGlobalSection
	GlobalSection(ExtensibilityGlobals) = postSolution
		SolutionGuid = {8A73BCB2-92CE-4008-B785-34D0FBD548C8}
	EndGlobalSection
EndGlobal
